// !$*UTF8*$!
{
	archiveVersion = 1;
	classes = {
	};
	objectVersion = 56;
	objects = {

/* Begin PBXBuildFile section */
		7302A4CE296139A7002DA7E1 /* SummaryHighlightView.swift in Sources */ = {isa = PBXBuildFile; fileRef = 7302A4CD296139A7002DA7E1 /* SummaryHighlightView.swift */; };
		7302A4D029617781002DA7E1 /* WorkoutListItemTranslator.swift in Sources */ = {isa = PBXBuildFile; fileRef = 7302A4CF29617781002DA7E1 /* WorkoutListItemTranslator.swift */; };
		7316DFA828D855B800DA6D27 /* Translator.swift in Sources */ = {isa = PBXBuildFile; fileRef = 7316DFA728D855B800DA6D27 /* Translator.swift */; };
		73284F6129627908007C339D /* PeriodChartScreen.swift in Sources */ = {isa = PBXBuildFile; fileRef = 73284F6029627908007C339D /* PeriodChartScreen.swift */; };
		73284F6329627935007C339D /* PeriodChartScreenBuilder.swift in Sources */ = {isa = PBXBuildFile; fileRef = 73284F6229627935007C339D /* PeriodChartScreenBuilder.swift */; };
		733CA82D294DCB1000416E70 /* ActivityView.swift in Sources */ = {isa = PBXBuildFile; fileRef = 733CA82C294DCB1000416E70 /* ActivityView.swift */; };
		733DE5DC28A482B500D4364A /* AppDelegate.swift in Sources */ = {isa = PBXBuildFile; fileRef = 733DE5DB28A482B500D4364A /* AppDelegate.swift */; };
		733DE5DE28A482B500D4364A /* SceneDelegate.swift in Sources */ = {isa = PBXBuildFile; fileRef = 733DE5DD28A482B500D4364A /* SceneDelegate.swift */; };
		733DE5E028A482B500D4364A /* RootViewController.swift in Sources */ = {isa = PBXBuildFile; fileRef = 733DE5DF28A482B500D4364A /* RootViewController.swift */; };
		733DE5E328A482B500D4364A /* Main.storyboard in Resources */ = {isa = PBXBuildFile; fileRef = 733DE5E128A482B500D4364A /* Main.storyboard */; };
		733DE5E528A482B700D4364A /* Assets.xcassets in Resources */ = {isa = PBXBuildFile; fileRef = 733DE5E428A482B700D4364A /* Assets.xcassets */; };
		733DE5E828A482B700D4364A /* LaunchScreen.storyboard in Resources */ = {isa = PBXBuildFile; fileRef = 733DE5E628A482B700D4364A /* LaunchScreen.storyboard */; };
		733DE60E28A4B23000D4364A /* HealthKitClient.swift in Sources */ = {isa = PBXBuildFile; fileRef = 733DE60D28A4B23000D4364A /* HealthKitClient.swift */; };
		733DE61428A4B45400D4364A /* WorkoutsCacher.swift in Sources */ = {isa = PBXBuildFile; fileRef = 733DE61328A4B45400D4364A /* WorkoutsCacher.swift */; };
		733DE61E28A4F1C600D4364A /* Color+.swift in Sources */ = {isa = PBXBuildFile; fileRef = 733DE61D28A4F1C600D4364A /* Color+.swift */; };
		733FB2AA2962AE8100F23262 /* ChartView.swift in Sources */ = {isa = PBXBuildFile; fileRef = 733FB2A92962AE8100F23262 /* ChartView.swift */; };
		733FB2AC2962B08B00F23262 /* PeriodChartScreenViewModel.swift in Sources */ = {isa = PBXBuildFile; fileRef = 733FB2AB2962B08B00F23262 /* PeriodChartScreenViewModel.swift */; };
		73799A7428C38B1700B96EAD /* SummaryChartView.swift in Sources */ = {isa = PBXBuildFile; fileRef = 73799A7328C38B1700B96EAD /* SummaryChartView.swift */; };
		73799A7728C38C4700B96EAD /* SummaryScreen.swift in Sources */ = {isa = PBXBuildFile; fileRef = 73799A7628C38C4700B96EAD /* SummaryScreen.swift */; };
		73799A7928C38CA600B96EAD /* SummaryScreenViewModel.swift in Sources */ = {isa = PBXBuildFile; fileRef = 73799A7828C38CA600B96EAD /* SummaryScreenViewModel.swift */; };
		73799A7B28C38D0B00B96EAD /* SummaryScreenBuilder.swift in Sources */ = {isa = PBXBuildFile; fileRef = 73799A7A28C38D0B00B96EAD /* SummaryScreenBuilder.swift */; };
		738D9C9D28A8D19A00852CF5 /* HKQuantity+.swift in Sources */ = {isa = PBXBuildFile; fileRef = 738D9C9C28A8D19A00852CF5 /* HKQuantity+.swift */; };
		73915B6E2963C4BF0059D5A1 /* PeriodChartDataTranslator.swift in Sources */ = {isa = PBXBuildFile; fileRef = 73915B6D2963C4BF0059D5A1 /* PeriodChartDataTranslator.swift */; };
		7392F4BB28C49A9E00747DF3 /* WorkoutItemView.swift in Sources */ = {isa = PBXBuildFile; fileRef = 7392F4BA28C49A9E00747DF3 /* WorkoutItemView.swift */; };
		7395D06828A6693E00B8A7D6 /* HealthKit.framework in Frameworks */ = {isa = PBXBuildFile; fileRef = 733DE61728A4B67800D4364A /* HealthKit.framework */; };
		73C88125294ECDFC00F3419E /* WorkoutListScreen.swift in Sources */ = {isa = PBXBuildFile; fileRef = 73C88124294ECDFC00F3419E /* WorkoutListScreen.swift */; };
		73C88127294EDAE600F3419E /* WorkoutListScreenBuilder.swift in Sources */ = {isa = PBXBuildFile; fileRef = 73C88126294EDAE600F3419E /* WorkoutListScreenBuilder.swift */; };
		73C88129294EDB0700F3419E /* WorkoutListScreenViewModel.swift in Sources */ = {isa = PBXBuildFile; fileRef = 73C88128294EDB0700F3419E /* WorkoutListScreenViewModel.swift */; };
		73C8812B294EDB3400F3419E /* WorkoutListDataTranslator.swift in Sources */ = {isa = PBXBuildFile; fileRef = 73C8812A294EDB3400F3419E /* WorkoutListDataTranslator.swift */; };
		73CDFE932956D8F700B2EA29 /* SectionHeaderView.swift in Sources */ = {isa = PBXBuildFile; fileRef = 73CDFE922956D8F700B2EA29 /* SectionHeaderView.swift */; };
		73CDFE952956DC4800B2EA29 /* SummaryScreenDataTranslator.swift in Sources */ = {isa = PBXBuildFile; fileRef = 73CDFE942956DC4800B2EA29 /* SummaryScreenDataTranslator.swift */; };
/* End PBXBuildFile section */

/* Begin PBXContainerItemProxy section */
		733DE5EF28A482B700D4364A /* PBXContainerItemProxy */ = {
			isa = PBXContainerItemProxy;
			containerPortal = 733DE5D028A482B500D4364A /* Project object */;
			proxyType = 1;
			remoteGlobalIDString = 733DE5D728A482B500D4364A;
			remoteInfo = contrail;
		};
		733DE5F928A482B700D4364A /* PBXContainerItemProxy */ = {
			isa = PBXContainerItemProxy;
			containerPortal = 733DE5D028A482B500D4364A /* Project object */;
			proxyType = 1;
			remoteGlobalIDString = 733DE5D728A482B500D4364A;
			remoteInfo = contrail;
		};
/* End PBXContainerItemProxy section */

/* Begin PBXFileReference section */
		7302A4CD296139A7002DA7E1 /* SummaryHighlightView.swift */ = {isa = PBXFileReference; lastKnownFileType = sourcecode.swift; path = SummaryHighlightView.swift; sourceTree = "<group>"; };
		7302A4CF29617781002DA7E1 /* WorkoutListItemTranslator.swift */ = {isa = PBXFileReference; lastKnownFileType = sourcecode.swift; path = WorkoutListItemTranslator.swift; sourceTree = "<group>"; };
		7316DFA728D855B800DA6D27 /* Translator.swift */ = {isa = PBXFileReference; lastKnownFileType = sourcecode.swift; path = Translator.swift; sourceTree = "<group>"; };
		73284F6029627908007C339D /* PeriodChartScreen.swift */ = {isa = PBXFileReference; lastKnownFileType = sourcecode.swift; path = PeriodChartScreen.swift; sourceTree = "<group>"; };
		73284F6229627935007C339D /* PeriodChartScreenBuilder.swift */ = {isa = PBXFileReference; lastKnownFileType = sourcecode.swift; path = PeriodChartScreenBuilder.swift; sourceTree = "<group>"; };
		733CA82C294DCB1000416E70 /* ActivityView.swift */ = {isa = PBXFileReference; lastKnownFileType = sourcecode.swift; path = ActivityView.swift; sourceTree = "<group>"; };
		733DE5D828A482B500D4364A /* contrail.app */ = {isa = PBXFileReference; explicitFileType = wrapper.application; includeInIndex = 0; path = contrail.app; sourceTree = BUILT_PRODUCTS_DIR; };
		733DE5DB28A482B500D4364A /* AppDelegate.swift */ = {isa = PBXFileReference; lastKnownFileType = sourcecode.swift; path = AppDelegate.swift; sourceTree = "<group>"; };
		733DE5DD28A482B500D4364A /* SceneDelegate.swift */ = {isa = PBXFileReference; lastKnownFileType = sourcecode.swift; path = SceneDelegate.swift; sourceTree = "<group>"; };
		733DE5DF28A482B500D4364A /* RootViewController.swift */ = {isa = PBXFileReference; lastKnownFileType = sourcecode.swift; path = RootViewController.swift; sourceTree = "<group>"; };
		733DE5E228A482B500D4364A /* Base */ = {isa = PBXFileReference; lastKnownFileType = file.storyboard; name = Base; path = Base.lproj/Main.storyboard; sourceTree = "<group>"; };
		733DE5E428A482B700D4364A /* Assets.xcassets */ = {isa = PBXFileReference; lastKnownFileType = folder.assetcatalog; path = Assets.xcassets; sourceTree = "<group>"; };
		733DE5E728A482B700D4364A /* Base */ = {isa = PBXFileReference; lastKnownFileType = file.storyboard; name = Base; path = Base.lproj/LaunchScreen.storyboard; sourceTree = "<group>"; };
		733DE5E928A482B700D4364A /* Info.plist */ = {isa = PBXFileReference; lastKnownFileType = text.plist.xml; path = Info.plist; sourceTree = "<group>"; };
		733DE5EE28A482B700D4364A /* contrailTests.xctest */ = {isa = PBXFileReference; explicitFileType = wrapper.cfbundle; includeInIndex = 0; path = contrailTests.xctest; sourceTree = BUILT_PRODUCTS_DIR; };
		733DE5F828A482B700D4364A /* contrailUITests.xctest */ = {isa = PBXFileReference; explicitFileType = wrapper.cfbundle; includeInIndex = 0; path = contrailUITests.xctest; sourceTree = BUILT_PRODUCTS_DIR; };
		733DE60D28A4B23000D4364A /* HealthKitClient.swift */ = {isa = PBXFileReference; lastKnownFileType = sourcecode.swift; path = HealthKitClient.swift; sourceTree = "<group>"; };
		733DE61328A4B45400D4364A /* WorkoutsCacher.swift */ = {isa = PBXFileReference; lastKnownFileType = sourcecode.swift; path = WorkoutsCacher.swift; sourceTree = "<group>"; };
		733DE61528A4B67800D4364A /* contrail.entitlements */ = {isa = PBXFileReference; lastKnownFileType = text.plist.entitlements; path = contrail.entitlements; sourceTree = "<group>"; };
		733DE61728A4B67800D4364A /* HealthKit.framework */ = {isa = PBXFileReference; lastKnownFileType = wrapper.framework; name = HealthKit.framework; path = System/Library/Frameworks/HealthKit.framework; sourceTree = SDKROOT; };
		733DE61D28A4F1C600D4364A /* Color+.swift */ = {isa = PBXFileReference; lastKnownFileType = sourcecode.swift; path = "Color+.swift"; sourceTree = "<group>"; };
		733FB2A92962AE8100F23262 /* ChartView.swift */ = {isa = PBXFileReference; lastKnownFileType = sourcecode.swift; path = ChartView.swift; sourceTree = "<group>"; };
		733FB2AB2962B08B00F23262 /* PeriodChartScreenViewModel.swift */ = {isa = PBXFileReference; lastKnownFileType = sourcecode.swift; path = PeriodChartScreenViewModel.swift; sourceTree = "<group>"; };
		73799A7328C38B1700B96EAD /* SummaryChartView.swift */ = {isa = PBXFileReference; lastKnownFileType = sourcecode.swift; path = SummaryChartView.swift; sourceTree = "<group>"; };
		73799A7628C38C4700B96EAD /* SummaryScreen.swift */ = {isa = PBXFileReference; lastKnownFileType = sourcecode.swift; path = SummaryScreen.swift; sourceTree = "<group>"; };
		73799A7828C38CA600B96EAD /* SummaryScreenViewModel.swift */ = {isa = PBXFileReference; lastKnownFileType = sourcecode.swift; path = SummaryScreenViewModel.swift; sourceTree = "<group>"; };
		73799A7A28C38D0B00B96EAD /* SummaryScreenBuilder.swift */ = {isa = PBXFileReference; lastKnownFileType = sourcecode.swift; path = SummaryScreenBuilder.swift; sourceTree = "<group>"; };
		738D9C9C28A8D19A00852CF5 /* HKQuantity+.swift */ = {isa = PBXFileReference; lastKnownFileType = sourcecode.swift; path = "HKQuantity+.swift"; sourceTree = "<group>"; };
		73915B6D2963C4BF0059D5A1 /* PeriodChartDataTranslator.swift */ = {isa = PBXFileReference; lastKnownFileType = sourcecode.swift; path = PeriodChartDataTranslator.swift; sourceTree = "<group>"; };
		7392F4BA28C49A9E00747DF3 /* WorkoutItemView.swift */ = {isa = PBXFileReference; lastKnownFileType = sourcecode.swift; path = WorkoutItemView.swift; sourceTree = "<group>"; };
		73C88124294ECDFC00F3419E /* WorkoutListScreen.swift */ = {isa = PBXFileReference; lastKnownFileType = sourcecode.swift; path = WorkoutListScreen.swift; sourceTree = "<group>"; };
		73C88126294EDAE600F3419E /* WorkoutListScreenBuilder.swift */ = {isa = PBXFileReference; lastKnownFileType = sourcecode.swift; path = WorkoutListScreenBuilder.swift; sourceTree = "<group>"; };
		73C88128294EDB0700F3419E /* WorkoutListScreenViewModel.swift */ = {isa = PBXFileReference; lastKnownFileType = sourcecode.swift; path = WorkoutListScreenViewModel.swift; sourceTree = "<group>"; };
		73C8812A294EDB3400F3419E /* WorkoutListDataTranslator.swift */ = {isa = PBXFileReference; lastKnownFileType = sourcecode.swift; path = WorkoutListDataTranslator.swift; sourceTree = "<group>"; };
		73CDFE922956D8F700B2EA29 /* SectionHeaderView.swift */ = {isa = PBXFileReference; lastKnownFileType = sourcecode.swift; path = SectionHeaderView.swift; sourceTree = "<group>"; };
		73CDFE942956DC4800B2EA29 /* SummaryScreenDataTranslator.swift */ = {isa = PBXFileReference; lastKnownFileType = sourcecode.swift; path = SummaryScreenDataTranslator.swift; sourceTree = "<group>"; };
/* End PBXFileReference section */

/* Begin PBXFrameworksBuildPhase section */
		733DE5D528A482B500D4364A /* Frameworks */ = {
			isa = PBXFrameworksBuildPhase;
			buildActionMask = 2147483647;
			files = (
				7395D06828A6693E00B8A7D6 /* HealthKit.framework in Frameworks */,
			);
			runOnlyForDeploymentPostprocessing = 0;
		};
		733DE5EB28A482B700D4364A /* Frameworks */ = {
			isa = PBXFrameworksBuildPhase;
			buildActionMask = 2147483647;
			files = (
			);
			runOnlyForDeploymentPostprocessing = 0;
		};
		733DE5F528A482B700D4364A /* Frameworks */ = {
			isa = PBXFrameworksBuildPhase;
			buildActionMask = 2147483647;
			files = (
			);
			runOnlyForDeploymentPostprocessing = 0;
		};
/* End PBXFrameworksBuildPhase section */

/* Begin PBXGroup section */
		731F50C928BB4FBD00AD8633 /* Summary */ = {
			isa = PBXGroup;
			children = (
				73799A7328C38B1700B96EAD /* SummaryChartView.swift */,
				73799A7628C38C4700B96EAD /* SummaryScreen.swift */,
				73799A7828C38CA600B96EAD /* SummaryScreenViewModel.swift */,
				73799A7A28C38D0B00B96EAD /* SummaryScreenBuilder.swift */,
				73CDFE942956DC4800B2EA29 /* SummaryScreenDataTranslator.swift */,
				7302A4CD296139A7002DA7E1 /* SummaryHighlightView.swift */,
			);
			path = Summary;
			sourceTree = "<group>";
		};
		73284F5E296275EF007C339D /* PeriodChart */ = {
			isa = PBXGroup;
			children = (
				73284F6029627908007C339D /* PeriodChartScreen.swift */,
				73284F6229627935007C339D /* PeriodChartScreenBuilder.swift */,
				733FB2A92962AE8100F23262 /* ChartView.swift */,
				733FB2AB2962B08B00F23262 /* PeriodChartScreenViewModel.swift */,
				73915B6D2963C4BF0059D5A1 /* PeriodChartDataTranslator.swift */,
			);
			path = PeriodChart;
			sourceTree = "<group>";
		};
		733CA82B294DA9F700416E70 /* Common */ = {
			isa = PBXGroup;
			children = (
				7392F4BA28C49A9E00747DF3 /* WorkoutItemView.swift */,
				733CA82C294DCB1000416E70 /* ActivityView.swift */,
				73CDFE922956D8F700B2EA29 /* SectionHeaderView.swift */,
				7302A4CF29617781002DA7E1 /* WorkoutListItemTranslator.swift */,
			);
			path = Common;
			sourceTree = "<group>";
		};
		733DE5CF28A482B500D4364A = {
			isa = PBXGroup;
			children = (
				733DE5DA28A482B500D4364A /* contrail */,
				733DE5D928A482B500D4364A /* Products */,
				733DE61628A4B67800D4364A /* Frameworks */,
			);
			sourceTree = "<group>";
		};
		733DE5D928A482B500D4364A /* Products */ = {
			isa = PBXGroup;
			children = (
				733DE5D828A482B500D4364A /* contrail.app */,
				733DE5EE28A482B700D4364A /* contrailTests.xctest */,
				733DE5F828A482B700D4364A /* contrailUITests.xctest */,
			);
			name = Products;
			sourceTree = "<group>";
		};
		733DE5DA28A482B500D4364A /* contrail */ = {
			isa = PBXGroup;
			children = (
				733DE61528A4B67800D4364A /* contrail.entitlements */,
				733DE60F28A4B25D00D4364A /* Presentation */,
				733DE60C28A4B21900D4364A /* Model */,
				733DE5DB28A482B500D4364A /* AppDelegate.swift */,
				733DE5DD28A482B500D4364A /* SceneDelegate.swift */,
				733DE5DF28A482B500D4364A /* RootViewController.swift */,
				733DE5E128A482B500D4364A /* Main.storyboard */,
				733DE5E428A482B700D4364A /* Assets.xcassets */,
				733DE5E628A482B700D4364A /* LaunchScreen.storyboard */,
				733DE5E928A482B700D4364A /* Info.plist */,
			);
			path = contrail;
			sourceTree = "<group>";
		};
		733DE60C28A4B21900D4364A /* Model */ = {
			isa = PBXGroup;
			children = (
				733DE60D28A4B23000D4364A /* HealthKitClient.swift */,
				733DE61328A4B45400D4364A /* WorkoutsCacher.swift */,
				7316DFA728D855B800DA6D27 /* Translator.swift */,
			);
			path = Model;
			sourceTree = "<group>";
		};
		733DE60F28A4B25D00D4364A /* Presentation */ = {
			isa = PBXGroup;
			children = (
				73284F5E296275EF007C339D /* PeriodChart */,
				73C88123294ECDEA00F3419E /* WorkoutList */,
				733CA82B294DA9F700416E70 /* Common */,
				731F50C928BB4FBD00AD8633 /* Summary */,
				738D9C9828A8D0EF00852CF5 /* Extensions */,
			);
			path = Presentation;
			sourceTree = "<group>";
		};
		733DE61628A4B67800D4364A /* Frameworks */ = {
			isa = PBXGroup;
			children = (
				733DE61728A4B67800D4364A /* HealthKit.framework */,
			);
			name = Frameworks;
			sourceTree = "<group>";
		};
		738D9C9828A8D0EF00852CF5 /* Extensions */ = {
			isa = PBXGroup;
			children = (
				733DE61D28A4F1C600D4364A /* Color+.swift */,
				738D9C9C28A8D19A00852CF5 /* HKQuantity+.swift */,
			);
			path = Extensions;
			sourceTree = "<group>";
		};
		73C88123294ECDEA00F3419E /* WorkoutList */ = {
			isa = PBXGroup;
			children = (
				73C88124294ECDFC00F3419E /* WorkoutListScreen.swift */,
				73C88126294EDAE600F3419E /* WorkoutListScreenBuilder.swift */,
				73C88128294EDB0700F3419E /* WorkoutListScreenViewModel.swift */,
				73C8812A294EDB3400F3419E /* WorkoutListDataTranslator.swift */,
			);
			path = WorkoutList;
			sourceTree = "<group>";
		};
/* End PBXGroup section */

/* Begin PBXNativeTarget section */
		733DE5D728A482B500D4364A /* contrail */ = {
			isa = PBXNativeTarget;
			buildConfigurationList = 733DE60228A482B700D4364A /* Build configuration list for PBXNativeTarget "contrail" */;
			buildPhases = (
				733DE5D428A482B500D4364A /* Sources */,
				733DE60B28A4A9FC00D4364A /* Custom: Run Swiftlint */,
				733DE5D528A482B500D4364A /* Frameworks */,
				733DE5D628A482B500D4364A /* Resources */,
			);
			buildRules = (
			);
			dependencies = (
			);
			name = contrail;
			packageProductDependencies = (
			);
			productName = contrail;
			productReference = 733DE5D828A482B500D4364A /* contrail.app */;
			productType = "com.apple.product-type.application";
		};
		733DE5ED28A482B700D4364A /* contrailTests */ = {
			isa = PBXNativeTarget;
			buildConfigurationList = 733DE60528A482B700D4364A /* Build configuration list for PBXNativeTarget "contrailTests" */;
			buildPhases = (
				733DE5EA28A482B700D4364A /* Sources */,
				733DE5EB28A482B700D4364A /* Frameworks */,
				733DE5EC28A482B700D4364A /* Resources */,
			);
			buildRules = (
			);
			dependencies = (
				733DE5F028A482B700D4364A /* PBXTargetDependency */,
			);
			name = contrailTests;
			productName = contrailTests;
			productReference = 733DE5EE28A482B700D4364A /* contrailTests.xctest */;
			productType = "com.apple.product-type.bundle.unit-test";
		};
		733DE5F728A482B700D4364A /* contrailUITests */ = {
			isa = PBXNativeTarget;
			buildConfigurationList = 733DE60828A482B700D4364A /* Build configuration list for PBXNativeTarget "contrailUITests" */;
			buildPhases = (
				733DE5F428A482B700D4364A /* Sources */,
				733DE5F528A482B700D4364A /* Frameworks */,
				733DE5F628A482B700D4364A /* Resources */,
			);
			buildRules = (
			);
			dependencies = (
				733DE5FA28A482B700D4364A /* PBXTargetDependency */,
			);
			name = contrailUITests;
			productName = contrailUITests;
			productReference = 733DE5F828A482B700D4364A /* contrailUITests.xctest */;
			productType = "com.apple.product-type.bundle.ui-testing";
		};
/* End PBXNativeTarget section */

/* Begin PBXProject section */
		733DE5D028A482B500D4364A /* Project object */ = {
			isa = PBXProject;
			attributes = {
				BuildIndependentTargetsInParallel = 1;
				LastSwiftUpdateCheck = 1400;
				LastUpgradeCheck = 1400;
				TargetAttributes = {
					733DE5D728A482B500D4364A = {
						CreatedOnToolsVersion = 14.0;
					};
					733DE5ED28A482B700D4364A = {
						CreatedOnToolsVersion = 14.0;
						TestTargetID = 733DE5D728A482B500D4364A;
					};
					733DE5F728A482B700D4364A = {
						CreatedOnToolsVersion = 14.0;
						TestTargetID = 733DE5D728A482B500D4364A;
					};
				};
			};
			buildConfigurationList = 733DE5D328A482B500D4364A /* Build configuration list for PBXProject "contrail" */;
			compatibilityVersion = "Xcode 14.0";
			developmentRegion = en;
			hasScannedForEncodings = 0;
			knownRegions = (
				en,
				Base,
			);
			mainGroup = 733DE5CF28A482B500D4364A;
			packageReferences = (
			);
			productRefGroup = 733DE5D928A482B500D4364A /* Products */;
			projectDirPath = "";
			projectRoot = "";
			targets = (
				733DE5D728A482B500D4364A /* contrail */,
				733DE5ED28A482B700D4364A /* contrailTests */,
				733DE5F728A482B700D4364A /* contrailUITests */,
			);
		};
/* End PBXProject section */

/* Begin PBXResourcesBuildPhase section */
		733DE5D628A482B500D4364A /* Resources */ = {
			isa = PBXResourcesBuildPhase;
			buildActionMask = 2147483647;
			files = (
				733DE5E828A482B700D4364A /* LaunchScreen.storyboard in Resources */,
				733DE5E528A482B700D4364A /* Assets.xcassets in Resources */,
				733DE5E328A482B500D4364A /* Main.storyboard in Resources */,
			);
			runOnlyForDeploymentPostprocessing = 0;
		};
		733DE5EC28A482B700D4364A /* Resources */ = {
			isa = PBXResourcesBuildPhase;
			buildActionMask = 2147483647;
			files = (
			);
			runOnlyForDeploymentPostprocessing = 0;
		};
		733DE5F628A482B700D4364A /* Resources */ = {
			isa = PBXResourcesBuildPhase;
			buildActionMask = 2147483647;
			files = (
			);
			runOnlyForDeploymentPostprocessing = 0;
		};
/* End PBXResourcesBuildPhase section */

/* Begin PBXShellScriptBuildPhase section */
		733DE60B28A4A9FC00D4364A /* Custom: Run Swiftlint */ = {
			isa = PBXShellScriptBuildPhase;
			buildActionMask = 2147483647;
			files = (
			);
			inputFileListPaths = (
			);
			inputPaths = (
			);
			name = "Custom: Run Swiftlint";
			outputFileListPaths = (
			);
			outputPaths = (
			);
			runOnlyForDeploymentPostprocessing = 0;
			shellPath = /bin/sh;
			shellScript = "if which mint > /dev/null; then\n  mint run swiftlint --fix\n  mint run swiftlint\nelse\n  echo \"warning: mint not installed, download from https://github.com/yonaskolb/Mint\"\nfi\n";
		};
/* End PBXShellScriptBuildPhase section */

/* Begin PBXSourcesBuildPhase section */
		733DE5D428A482B500D4364A /* Sources */ = {
			isa = PBXSourcesBuildPhase;
			buildActionMask = 2147483647;
			files = (
				73799A7928C38CA600B96EAD /* SummaryScreenViewModel.swift in Sources */,
				73799A7428C38B1700B96EAD /* SummaryChartView.swift in Sources */,
				733DE61E28A4F1C600D4364A /* Color+.swift in Sources */,
				733DE5E028A482B500D4364A /* RootViewController.swift in Sources */,
				7392F4BB28C49A9E00747DF3 /* WorkoutItemView.swift in Sources */,
				73799A7B28C38D0B00B96EAD /* SummaryScreenBuilder.swift in Sources */,
				733DE60E28A4B23000D4364A /* HealthKitClient.swift in Sources */,
				73C88129294EDB0700F3419E /* WorkoutListScreenViewModel.swift in Sources */,
				73284F6129627908007C339D /* PeriodChartScreen.swift in Sources */,
				73C88127294EDAE600F3419E /* WorkoutListScreenBuilder.swift in Sources */,
				73CDFE932956D8F700B2EA29 /* SectionHeaderView.swift in Sources */,
				73CDFE952956DC4800B2EA29 /* SummaryScreenDataTranslator.swift in Sources */,
				73C8812B294EDB3400F3419E /* WorkoutListDataTranslator.swift in Sources */,
				73915B6E2963C4BF0059D5A1 /* PeriodChartDataTranslator.swift in Sources */,
				73284F6329627935007C339D /* PeriodChartScreenBuilder.swift in Sources */,
				7302A4CE296139A7002DA7E1 /* SummaryHighlightView.swift in Sources */,
				73C88125294ECDFC00F3419E /* WorkoutListScreen.swift in Sources */,
				73799A7728C38C4700B96EAD /* SummaryScreen.swift in Sources */,
				7316DFA828D855B800DA6D27 /* Translator.swift in Sources */,
				738D9C9D28A8D19A00852CF5 /* HKQuantity+.swift in Sources */,
				733DE61428A4B45400D4364A /* WorkoutsCacher.swift in Sources */,
				733FB2AC2962B08B00F23262 /* PeriodChartScreenViewModel.swift in Sources */,
				7302A4D029617781002DA7E1 /* WorkoutListItemTranslator.swift in Sources */,
				733CA82D294DCB1000416E70 /* ActivityView.swift in Sources */,
				733DE5DC28A482B500D4364A /* AppDelegate.swift in Sources */,
				733FB2AA2962AE8100F23262 /* ChartView.swift in Sources */,
				733DE5DE28A482B500D4364A /* SceneDelegate.swift in Sources */,
			);
			runOnlyForDeploymentPostprocessing = 0;
		};
		733DE5EA28A482B700D4364A /* Sources */ = {
			isa = PBXSourcesBuildPhase;
			buildActionMask = 2147483647;
			files = (
			);
			runOnlyForDeploymentPostprocessing = 0;
		};
		733DE5F428A482B700D4364A /* Sources */ = {
			isa = PBXSourcesBuildPhase;
			buildActionMask = 2147483647;
			files = (
			);
			runOnlyForDeploymentPostprocessing = 0;
		};
/* End PBXSourcesBuildPhase section */

/* Begin PBXTargetDependency section */
		733DE5F028A482B700D4364A /* PBXTargetDependency */ = {
			isa = PBXTargetDependency;
			target = 733DE5D728A482B500D4364A /* contrail */;
			targetProxy = 733DE5EF28A482B700D4364A /* PBXContainerItemProxy */;
		};
		733DE5FA28A482B700D4364A /* PBXTargetDependency */ = {
			isa = PBXTargetDependency;
			target = 733DE5D728A482B500D4364A /* contrail */;
			targetProxy = 733DE5F928A482B700D4364A /* PBXContainerItemProxy */;
		};
/* End PBXTargetDependency section */

/* Begin PBXVariantGroup section */
		733DE5E128A482B500D4364A /* Main.storyboard */ = {
			isa = PBXVariantGroup;
			children = (
				733DE5E228A482B500D4364A /* Base */,
			);
			name = Main.storyboard;
			sourceTree = "<group>";
		};
		733DE5E628A482B700D4364A /* LaunchScreen.storyboard */ = {
			isa = PBXVariantGroup;
			children = (
				733DE5E728A482B700D4364A /* Base */,
			);
			name = LaunchScreen.storyboard;
			sourceTree = "<group>";
		};
/* End PBXVariantGroup section */

/* Begin XCBuildConfiguration section */
		733DE60028A482B700D4364A /* Debug */ = {
			isa = XCBuildConfiguration;
			buildSettings = {
				ALWAYS_SEARCH_USER_PATHS = NO;
				CLANG_ANALYZER_NONNULL = YES;
				CLANG_ANALYZER_NUMBER_OBJECT_CONVERSION = YES_AGGRESSIVE;
				CLANG_CXX_LANGUAGE_STANDARD = "gnu++17";
				CLANG_ENABLE_MODULES = YES;
				CLANG_ENABLE_OBJC_ARC = YES;
				CLANG_ENABLE_OBJC_WEAK = YES;
				CLANG_WARN_BLOCK_CAPTURE_AUTORELEASING = YES;
				CLANG_WARN_BOOL_CONVERSION = YES;
				CLANG_WARN_COMMA = YES;
				CLANG_WARN_CONSTANT_CONVERSION = YES;
				CLANG_WARN_DEPRECATED_OBJC_IMPLEMENTATIONS = YES;
				CLANG_WARN_DIRECT_OBJC_ISA_USAGE = YES_ERROR;
				CLANG_WARN_DOCUMENTATION_COMMENTS = YES;
				CLANG_WARN_EMPTY_BODY = YES;
				CLANG_WARN_ENUM_CONVERSION = YES;
				CLANG_WARN_INFINITE_RECURSION = YES;
				CLANG_WARN_INT_CONVERSION = YES;
				CLANG_WARN_NON_LITERAL_NULL_CONVERSION = YES;
				CLANG_WARN_OBJC_IMPLICIT_RETAIN_SELF = YES;
				CLANG_WARN_OBJC_LITERAL_CONVERSION = YES;
				CLANG_WARN_OBJC_ROOT_CLASS = YES_ERROR;
				CLANG_WARN_QUOTED_INCLUDE_IN_FRAMEWORK_HEADER = YES;
				CLANG_WARN_RANGE_LOOP_ANALYSIS = YES;
				CLANG_WARN_STRICT_PROTOTYPES = YES;
				CLANG_WARN_SUSPICIOUS_MOVE = YES;
				CLANG_WARN_UNGUARDED_AVAILABILITY = YES_AGGRESSIVE;
				CLANG_WARN_UNREACHABLE_CODE = YES;
				CLANG_WARN__DUPLICATE_METHOD_MATCH = YES;
				COPY_PHASE_STRIP = NO;
				DEBUG_INFORMATION_FORMAT = dwarf;
				ENABLE_STRICT_OBJC_MSGSEND = YES;
				ENABLE_TESTABILITY = YES;
				GCC_C_LANGUAGE_STANDARD = gnu11;
				GCC_DYNAMIC_NO_PIC = NO;
				GCC_NO_COMMON_BLOCKS = YES;
				GCC_OPTIMIZATION_LEVEL = 0;
				GCC_PREPROCESSOR_DEFINITIONS = (
					"DEBUG=1",
					"$(inherited)",
				);
				GCC_WARN_64_TO_32_BIT_CONVERSION = YES;
				GCC_WARN_ABOUT_RETURN_TYPE = YES_ERROR;
				GCC_WARN_UNDECLARED_SELECTOR = YES;
				GCC_WARN_UNINITIALIZED_AUTOS = YES_AGGRESSIVE;
				GCC_WARN_UNUSED_FUNCTION = YES;
				GCC_WARN_UNUSED_VARIABLE = YES;
				IPHONEOS_DEPLOYMENT_TARGET = 16.0;
				MTL_ENABLE_DEBUG_INFO = INCLUDE_SOURCE;
				MTL_FAST_MATH = YES;
				ONLY_ACTIVE_ARCH = YES;
				SDKROOT = iphoneos;
				SWIFT_ACTIVE_COMPILATION_CONDITIONS = DEBUG;
				SWIFT_OPTIMIZATION_LEVEL = "-Onone";
			};
			name = Debug;
		};
		733DE60128A482B700D4364A /* Release */ = {
			isa = XCBuildConfiguration;
			buildSettings = {
				ALWAYS_SEARCH_USER_PATHS = NO;
				CLANG_ANALYZER_NONNULL = YES;
				CLANG_ANALYZER_NUMBER_OBJECT_CONVERSION = YES_AGGRESSIVE;
				CLANG_CXX_LANGUAGE_STANDARD = "gnu++17";
				CLANG_ENABLE_MODULES = YES;
				CLANG_ENABLE_OBJC_ARC = YES;
				CLANG_ENABLE_OBJC_WEAK = YES;
				CLANG_WARN_BLOCK_CAPTURE_AUTORELEASING = YES;
				CLANG_WARN_BOOL_CONVERSION = YES;
				CLANG_WARN_COMMA = YES;
				CLANG_WARN_CONSTANT_CONVERSION = YES;
				CLANG_WARN_DEPRECATED_OBJC_IMPLEMENTATIONS = YES;
				CLANG_WARN_DIRECT_OBJC_ISA_USAGE = YES_ERROR;
				CLANG_WARN_DOCUMENTATION_COMMENTS = YES;
				CLANG_WARN_EMPTY_BODY = YES;
				CLANG_WARN_ENUM_CONVERSION = YES;
				CLANG_WARN_INFINITE_RECURSION = YES;
				CLANG_WARN_INT_CONVERSION = YES;
				CLANG_WARN_NON_LITERAL_NULL_CONVERSION = YES;
				CLANG_WARN_OBJC_IMPLICIT_RETAIN_SELF = YES;
				CLANG_WARN_OBJC_LITERAL_CONVERSION = YES;
				CLANG_WARN_OBJC_ROOT_CLASS = YES_ERROR;
				CLANG_WARN_QUOTED_INCLUDE_IN_FRAMEWORK_HEADER = YES;
				CLANG_WARN_RANGE_LOOP_ANALYSIS = YES;
				CLANG_WARN_STRICT_PROTOTYPES = YES;
				CLANG_WARN_SUSPICIOUS_MOVE = YES;
				CLANG_WARN_UNGUARDED_AVAILABILITY = YES_AGGRESSIVE;
				CLANG_WARN_UNREACHABLE_CODE = YES;
				CLANG_WARN__DUPLICATE_METHOD_MATCH = YES;
				COPY_PHASE_STRIP = NO;
				DEBUG_INFORMATION_FORMAT = "dwarf-with-dsym";
				ENABLE_NS_ASSERTIONS = NO;
				ENABLE_STRICT_OBJC_MSGSEND = YES;
				GCC_C_LANGUAGE_STANDARD = gnu11;
				GCC_NO_COMMON_BLOCKS = YES;
				GCC_WARN_64_TO_32_BIT_CONVERSION = YES;
				GCC_WARN_ABOUT_RETURN_TYPE = YES_ERROR;
				GCC_WARN_UNDECLARED_SELECTOR = YES;
				GCC_WARN_UNINITIALIZED_AUTOS = YES_AGGRESSIVE;
				GCC_WARN_UNUSED_FUNCTION = YES;
				GCC_WARN_UNUSED_VARIABLE = YES;
				IPHONEOS_DEPLOYMENT_TARGET = 16.0;
				MTL_ENABLE_DEBUG_INFO = NO;
				MTL_FAST_MATH = YES;
				SDKROOT = iphoneos;
				SWIFT_COMPILATION_MODE = wholemodule;
				SWIFT_OPTIMIZATION_LEVEL = "-O";
				VALIDATE_PRODUCT = YES;
			};
			name = Release;
		};
		733DE60328A482B700D4364A /* Debug */ = {
			isa = XCBuildConfiguration;
			buildSettings = {
				ASSETCATALOG_COMPILER_APPICON_NAME = AppIcon;
				ASSETCATALOG_COMPILER_GLOBAL_ACCENT_COLOR_NAME = AccentColor;
				CODE_SIGN_ENTITLEMENTS = contrail/contrail.entitlements;
				"CODE_SIGN_IDENTITY[sdk=iphoneos*]" = "iPhone Developer";
				CODE_SIGN_STYLE = Manual;
				CURRENT_PROJECT_VERSION = 1;
				DEVELOPMENT_TEAM = "";
				"DEVELOPMENT_TEAM[sdk=iphoneos*]" = 2YRXH6ZZZY;
				GENERATE_INFOPLIST_FILE = YES;
				INFOPLIST_FILE = contrail/Info.plist;
				INFOPLIST_KEY_UIApplicationSupportsIndirectInputEvents = YES;
				INFOPLIST_KEY_UILaunchStoryboardName = LaunchScreen;
				INFOPLIST_KEY_UIMainStoryboardFile = Main;
				INFOPLIST_KEY_UISupportedInterfaceOrientations_iPad = "UIInterfaceOrientationPortrait UIInterfaceOrientationPortraitUpsideDown UIInterfaceOrientationLandscapeLeft UIInterfaceOrientationLandscapeRight";
				INFOPLIST_KEY_UISupportedInterfaceOrientations_iPhone = "UIInterfaceOrientationPortrait UIInterfaceOrientationLandscapeLeft UIInterfaceOrientationLandscapeRight";
				LD_RUNPATH_SEARCH_PATHS = (
					"$(inherited)",
					"@executable_path/Frameworks",
				);
				MARKETING_VERSION = 1.0;
				PRODUCT_BUNDLE_IDENTIFIER = dev.tokizuoh.contrail;
				PRODUCT_NAME = "$(TARGET_NAME)";
				PROVISIONING_PROFILE_SPECIFIER = "";
				"PROVISIONING_PROFILE_SPECIFIER[sdk=iphoneos*]" = contrailProvisioning;
				SUPPORTED_PLATFORMS = "iphoneos iphonesimulator";
				SUPPORTS_MACCATALYST = NO;
				SUPPORTS_MAC_DESIGNED_FOR_IPHONE_IPAD = NO;
				SWIFT_EMIT_LOC_STRINGS = YES;
				SWIFT_VERSION = 5.0;
				TARGETED_DEVICE_FAMILY = 1;
			};
			name = Debug;
		};
		733DE60428A482B700D4364A /* Release */ = {
			isa = XCBuildConfiguration;
			buildSettings = {
				ASSETCATALOG_COMPILER_APPICON_NAME = AppIcon;
				ASSETCATALOG_COMPILER_GLOBAL_ACCENT_COLOR_NAME = AccentColor;
				CODE_SIGN_ENTITLEMENTS = contrail/contrail.entitlements;
				"CODE_SIGN_IDENTITY[sdk=iphoneos*]" = "iPhone Developer";
				CODE_SIGN_STYLE = Manual;
				CURRENT_PROJECT_VERSION = 1;
				DEVELOPMENT_TEAM = "";
				"DEVELOPMENT_TEAM[sdk=iphoneos*]" = 2YRXH6ZZZY;
				GENERATE_INFOPLIST_FILE = YES;
				INFOPLIST_FILE = contrail/Info.plist;
				INFOPLIST_KEY_UIApplicationSupportsIndirectInputEvents = YES;
				INFOPLIST_KEY_UILaunchStoryboardName = LaunchScreen;
				INFOPLIST_KEY_UIMainStoryboardFile = Main;
				INFOPLIST_KEY_UISupportedInterfaceOrientations_iPad = "UIInterfaceOrientationPortrait UIInterfaceOrientationPortraitUpsideDown UIInterfaceOrientationLandscapeLeft UIInterfaceOrientationLandscapeRight";
				INFOPLIST_KEY_UISupportedInterfaceOrientations_iPhone = "UIInterfaceOrientationPortrait UIInterfaceOrientationLandscapeLeft UIInterfaceOrientationLandscapeRight";
				LD_RUNPATH_SEARCH_PATHS = (
					"$(inherited)",
					"@executable_path/Frameworks",
				);
				MARKETING_VERSION = 1.0;
				PRODUCT_BUNDLE_IDENTIFIER = dev.tokizuoh.contrail;
				PRODUCT_NAME = "$(TARGET_NAME)";
				PROVISIONING_PROFILE_SPECIFIER = "";
				"PROVISIONING_PROFILE_SPECIFIER[sdk=iphoneos*]" = contrailProvisioning;
				SUPPORTED_PLATFORMS = "iphoneos iphonesimulator";
				SUPPORTS_MACCATALYST = NO;
				SUPPORTS_MAC_DESIGNED_FOR_IPHONE_IPAD = NO;
				SWIFT_EMIT_LOC_STRINGS = YES;
				SWIFT_VERSION = 5.0;
				TARGETED_DEVICE_FAMILY = 1;
			};
			name = Release;
		};
		733DE60628A482B700D4364A /* Debug */ = {
			isa = XCBuildConfiguration;
			buildSettings = {
				ALWAYS_EMBED_SWIFT_STANDARD_LIBRARIES = YES;
				BUNDLE_LOADER = "$(TEST_HOST)";
				CODE_SIGN_STYLE = Automatic;
				CURRENT_PROJECT_VERSION = 1;
				DEVELOPMENT_TEAM = 2YRXH6ZZZY;
				GENERATE_INFOPLIST_FILE = YES;
				IPHONEOS_DEPLOYMENT_TARGET = 16.0;
				MARKETING_VERSION = 1.0;
				PRODUCT_BUNDLE_IDENTIFIER = dev.tokizuoh.contrailTests;
				PRODUCT_NAME = "$(TARGET_NAME)";
				SWIFT_EMIT_LOC_STRINGS = NO;
				SWIFT_VERSION = 5.0;
				TARGETED_DEVICE_FAMILY = "1,2";
				TEST_HOST = "$(BUILT_PRODUCTS_DIR)/contrail.app/$(BUNDLE_EXECUTABLE_FOLDER_PATH)/contrail";
			};
			name = Debug;
		};
		733DE60728A482B700D4364A /* Release */ = {
			isa = XCBuildConfiguration;
			buildSettings = {
				ALWAYS_EMBED_SWIFT_STANDARD_LIBRARIES = YES;
				BUNDLE_LOADER = "$(TEST_HOST)";
				CODE_SIGN_STYLE = Automatic;
				CURRENT_PROJECT_VERSION = 1;
				DEVELOPMENT_TEAM = 2YRXH6ZZZY;
				GENERATE_INFOPLIST_FILE = YES;
				IPHONEOS_DEPLOYMENT_TARGET = 16.0;
				MARKETING_VERSION = 1.0;
				PRODUCT_BUNDLE_IDENTIFIER = dev.tokizuoh.contrailTests;
				PRODUCT_NAME = "$(TARGET_NAME)";
				SWIFT_EMIT_LOC_STRINGS = NO;
				SWIFT_VERSION = 5.0;
				TARGETED_DEVICE_FAMILY = "1,2";
				TEST_HOST = "$(BUILT_PRODUCTS_DIR)/contrail.app/$(BUNDLE_EXECUTABLE_FOLDER_PATH)/contrail";
			};
			name = Release;
		};
		733DE60928A482B700D4364A /* Debug */ = {
			isa = XCBuildConfiguration;
			buildSettings = {
				ALWAYS_EMBED_SWIFT_STANDARD_LIBRARIES = YES;
				CODE_SIGN_STYLE = Automatic;
				CURRENT_PROJECT_VERSION = 1;
				DEVELOPMENT_TEAM = 2YRXH6ZZZY;
				GENERATE_INFOPLIST_FILE = YES;
				MARKETING_VERSION = 1.0;
				PRODUCT_BUNDLE_IDENTIFIER = dev.tokizuoh.contrailUITests;
				PRODUCT_NAME = "$(TARGET_NAME)";
				SWIFT_EMIT_LOC_STRINGS = NO;
				SWIFT_VERSION = 5.0;
				TARGETED_DEVICE_FAMILY = "1,2";
				TEST_TARGET_NAME = contrail;
			};
			name = Debug;
		};
		733DE60A28A482B700D4364A /* Release */ = {
			isa = XCBuildConfiguration;
			buildSettings = {
				ALWAYS_EMBED_SWIFT_STANDARD_LIBRARIES = YES;
				CODE_SIGN_STYLE = Automatic;
				CURRENT_PROJECT_VERSION = 1;
				DEVELOPMENT_TEAM = 2YRXH6ZZZY;
				GENERATE_INFOPLIST_FILE = YES;
				MARKETING_VERSION = 1.0;
				PRODUCT_BUNDLE_IDENTIFIER = dev.tokizuoh.contrailUITests;
				PRODUCT_NAME = "$(TARGET_NAME)";
				SWIFT_EMIT_LOC_STRINGS = NO;
				SWIFT_VERSION = 5.0;
				TARGETED_DEVICE_FAMILY = "1,2";
				TEST_TARGET_NAME = contrail;
			};
			name = Release;
		};
/* End XCBuildConfiguration section */

/* Begin XCConfigurationList section */
		733DE5D328A482B500D4364A /* Build configuration list for PBXProject "contrail" */ = {
			isa = XCConfigurationList;
			buildConfigurations = (
				733DE60028A482B700D4364A /* Debug */,
				733DE60128A482B700D4364A /* Release */,
			);
			defaultConfigurationIsVisible = 0;
			defaultConfigurationName = Release;
		};
		733DE60228A482B700D4364A /* Build configuration list for PBXNativeTarget "contrail" */ = {
			isa = XCConfigurationList;
			buildConfigurations = (
				733DE60328A482B700D4364A /* Debug */,
				733DE60428A482B700D4364A /* Release */,
			);
			defaultConfigurationIsVisible = 0;
			defaultConfigurationName = Release;
		};
		733DE60528A482B700D4364A /* Build configuration list for PBXNativeTarget "contrailTests" */ = {
			isa = XCConfigurationList;
			buildConfigurations = (
				733DE60628A482B700D4364A /* Debug */,
				733DE60728A482B700D4364A /* Release */,
			);
			defaultConfigurationIsVisible = 0;
			defaultConfigurationName = Release;
		};
		733DE60828A482B700D4364A /* Build configuration list for PBXNativeTarget "contrailUITests" */ = {
			isa = XCConfigurationList;
			buildConfigurations = (
				733DE60928A482B700D4364A /* Debug */,
				733DE60A28A482B700D4364A /* Release */,
			);
			defaultConfigurationIsVisible = 0;
			defaultConfigurationName = Release;
		};
/* End XCConfigurationList section */
	};
	rootObject = 733DE5D028A482B500D4364A /* Project object */;
}
