// !$*UTF8*$!
{
	archiveVersion = 1;
	classes = {
	};
	objectVersion = 55;
	objects = {

/* Begin PBXBuildFile section */
		733225C12826B77200DACB5A /* contrailApp.swift in Sources */ = {isa = PBXBuildFile; fileRef = 733225C02826B77200DACB5A /* contrailApp.swift */; };
		733225C32826B77200DACB5A /* MainScreen.swift in Sources */ = {isa = PBXBuildFile; fileRef = 733225C22826B77200DACB5A /* MainScreen.swift */; };
		733225C52826B77600DACB5A /* Assets.xcassets in Resources */ = {isa = PBXBuildFile; fileRef = 733225C42826B77600DACB5A /* Assets.xcassets */; };
		733225C82826B77600DACB5A /* Preview Assets.xcassets in Resources */ = {isa = PBXBuildFile; fileRef = 733225C72826B77600DACB5A /* Preview Assets.xcassets */; };
		735597752839222D00AEC5D9 /* MainViewModelTests.swift in Sources */ = {isa = PBXBuildFile; fileRef = 735597742839222D00AEC5D9 /* MainViewModelTests.swift */; };
		7356FF982827570C00EC7C73 /* RideRowView.swift in Sources */ = {isa = PBXBuildFile; fileRef = 7356FF972827570C00EC7C73 /* RideRowView.swift */; };
		737F115828308AF700A87ABB /* HealthKitClient.swift in Sources */ = {isa = PBXBuildFile; fileRef = 737F115728308AF700A87ABB /* HealthKitClient.swift */; };
		737FEF782839255C00E8E63B /* MockResults.swift in Sources */ = {isa = PBXBuildFile; fileRef = 737FEF762839255500E8E63B /* MockResults.swift */; };
		73A8198F282758EC009F2097 /* RideListView.swift in Sources */ = {isa = PBXBuildFile; fileRef = 73A8198E282758EC009F2097 /* RideListView.swift */; };
		73A819962827641F009F2097 /* ColorExtension.swift in Sources */ = {isa = PBXBuildFile; fileRef = 73A819952827641F009F2097 /* ColorExtension.swift */; };
		73AAF230282F7D3300927BAB /* RideStatisticsRowView.swift in Sources */ = {isa = PBXBuildFile; fileRef = 73AAF22F282F7D3300927BAB /* RideStatisticsRowView.swift */; };
		73AAF232282F870400927BAB /* MainViewModel.swift in Sources */ = {isa = PBXBuildFile; fileRef = 73AAF231282F870400927BAB /* MainViewModel.swift */; };
		73AAF235282F943400927BAB /* RideListTranslator.swift in Sources */ = {isa = PBXBuildFile; fileRef = 73AAF234282F943400927BAB /* RideListTranslator.swift */; };
		73AAF237282FA5C600927BAB /* ViewModelProtocol.swift in Sources */ = {isa = PBXBuildFile; fileRef = 73AAF236282FA5C600927BAB /* ViewModelProtocol.swift */; };
		73C24CFB2830FE30006FCD00 /* WorkoutsCacher.swift in Sources */ = {isa = PBXBuildFile; fileRef = 73C24CFA2830FE30006FCD00 /* WorkoutsCacher.swift */; };
		73C24CFE283104B1006FCD00 /* AllRidesScreen.swift in Sources */ = {isa = PBXBuildFile; fileRef = 73C24CFD283104B1006FCD00 /* AllRidesScreen.swift */; };
		73C24D0228310776006FCD00 /* AllRidesViewModel.swift in Sources */ = {isa = PBXBuildFile; fileRef = 73C24D0128310776006FCD00 /* AllRidesViewModel.swift */; };
		73C24D04283107D3006FCD00 /* AllRidesTranslator.swift in Sources */ = {isa = PBXBuildFile; fileRef = 73C24D03283107D3006FCD00 /* AllRidesTranslator.swift */; };
		73C24D06283139BD006FCD00 /* AllRideRowView.swift in Sources */ = {isa = PBXBuildFile; fileRef = 73C24D05283139BD006FCD00 /* AllRideRowView.swift */; };
		73CA03202827B3CD00327B0D /* HealthKit.framework in Frameworks */ = {isa = PBXBuildFile; fileRef = 73CA031F2827B3CD00327B0D /* HealthKit.framework */; };
		73CA03232827C52F00327B0D /* DateExtension.swift in Sources */ = {isa = PBXBuildFile; fileRef = 73CA03222827C52F00327B0D /* DateExtension.swift */; };
/* End PBXBuildFile section */

/* Begin PBXContainerItemProxy section */
		73163A6228391F4000BEA059 /* PBXContainerItemProxy */ = {
			isa = PBXContainerItemProxy;
			containerPortal = 733225B52826B77200DACB5A /* Project object */;
			proxyType = 1;
			remoteGlobalIDString = 733225BC2826B77200DACB5A;
			remoteInfo = contrail;
		};
/* End PBXContainerItemProxy section */

/* Begin PBXFileReference section */
		73163A5E28391F4000BEA059 /* contrailTests.xctest */ = {isa = PBXFileReference; explicitFileType = wrapper.cfbundle; includeInIndex = 0; path = contrailTests.xctest; sourceTree = BUILT_PRODUCTS_DIR; };
		733225BD2826B77200DACB5A /* contrail.app */ = {isa = PBXFileReference; explicitFileType = wrapper.application; includeInIndex = 0; path = contrail.app; sourceTree = BUILT_PRODUCTS_DIR; };
		733225C02826B77200DACB5A /* contrailApp.swift */ = {isa = PBXFileReference; lastKnownFileType = sourcecode.swift; path = contrailApp.swift; sourceTree = "<group>"; };
		733225C22826B77200DACB5A /* MainScreen.swift */ = {isa = PBXFileReference; lastKnownFileType = sourcecode.swift; path = MainScreen.swift; sourceTree = "<group>"; };
		733225C42826B77600DACB5A /* Assets.xcassets */ = {isa = PBXFileReference; lastKnownFileType = folder.assetcatalog; path = Assets.xcassets; sourceTree = "<group>"; };
		733225C72826B77600DACB5A /* Preview Assets.xcassets */ = {isa = PBXFileReference; lastKnownFileType = folder.assetcatalog; path = "Preview Assets.xcassets"; sourceTree = "<group>"; };
		735597742839222D00AEC5D9 /* MainViewModelTests.swift */ = {isa = PBXFileReference; lastKnownFileType = sourcecode.swift; path = MainViewModelTests.swift; sourceTree = "<group>"; };
		7356FF972827570C00EC7C73 /* RideRowView.swift */ = {isa = PBXFileReference; lastKnownFileType = sourcecode.swift; path = RideRowView.swift; sourceTree = "<group>"; };
		737F115728308AF700A87ABB /* HealthKitClient.swift */ = {isa = PBXFileReference; lastKnownFileType = sourcecode.swift; path = HealthKitClient.swift; sourceTree = "<group>"; };
		737FEF762839255500E8E63B /* MockResults.swift */ = {isa = PBXFileReference; fileEncoding = 4; lastKnownFileType = sourcecode.swift; path = MockResults.swift; sourceTree = "<group>"; };
		73A8198E282758EC009F2097 /* RideListView.swift */ = {isa = PBXFileReference; lastKnownFileType = sourcecode.swift; path = RideListView.swift; sourceTree = "<group>"; };
		73A819952827641F009F2097 /* ColorExtension.swift */ = {isa = PBXFileReference; lastKnownFileType = sourcecode.swift; path = ColorExtension.swift; sourceTree = "<group>"; };
		73AAF22F282F7D3300927BAB /* RideStatisticsRowView.swift */ = {isa = PBXFileReference; lastKnownFileType = sourcecode.swift; path = RideStatisticsRowView.swift; sourceTree = "<group>"; };
		73AAF231282F870400927BAB /* MainViewModel.swift */ = {isa = PBXFileReference; lastKnownFileType = sourcecode.swift; path = MainViewModel.swift; sourceTree = "<group>"; };
		73AAF234282F943400927BAB /* RideListTranslator.swift */ = {isa = PBXFileReference; lastKnownFileType = sourcecode.swift; path = RideListTranslator.swift; sourceTree = "<group>"; };
		73AAF236282FA5C600927BAB /* ViewModelProtocol.swift */ = {isa = PBXFileReference; lastKnownFileType = sourcecode.swift; path = ViewModelProtocol.swift; sourceTree = "<group>"; };
		73C24CFA2830FE30006FCD00 /* WorkoutsCacher.swift */ = {isa = PBXFileReference; lastKnownFileType = sourcecode.swift; path = WorkoutsCacher.swift; sourceTree = "<group>"; };
		73C24CFD283104B1006FCD00 /* AllRidesScreen.swift */ = {isa = PBXFileReference; lastKnownFileType = sourcecode.swift; path = AllRidesScreen.swift; sourceTree = "<group>"; };
		73C24D0128310776006FCD00 /* AllRidesViewModel.swift */ = {isa = PBXFileReference; lastKnownFileType = sourcecode.swift; path = AllRidesViewModel.swift; sourceTree = "<group>"; };
		73C24D03283107D3006FCD00 /* AllRidesTranslator.swift */ = {isa = PBXFileReference; lastKnownFileType = sourcecode.swift; path = AllRidesTranslator.swift; sourceTree = "<group>"; };
		73C24D05283139BD006FCD00 /* AllRideRowView.swift */ = {isa = PBXFileReference; lastKnownFileType = sourcecode.swift; path = AllRideRowView.swift; sourceTree = "<group>"; };
		73CA031D2827B3CD00327B0D /* contrail.entitlements */ = {isa = PBXFileReference; lastKnownFileType = text.plist.entitlements; path = contrail.entitlements; sourceTree = "<group>"; };
		73CA031F2827B3CD00327B0D /* HealthKit.framework */ = {isa = PBXFileReference; lastKnownFileType = wrapper.framework; name = HealthKit.framework; path = System/Library/Frameworks/HealthKit.framework; sourceTree = SDKROOT; };
		73CA03212827B49800327B0D /* Info.plist */ = {isa = PBXFileReference; lastKnownFileType = text.plist; path = Info.plist; sourceTree = "<group>"; };
		73CA03222827C52F00327B0D /* DateExtension.swift */ = {isa = PBXFileReference; lastKnownFileType = sourcecode.swift; path = DateExtension.swift; sourceTree = "<group>"; };
/* End PBXFileReference section */

/* Begin PBXFrameworksBuildPhase section */
		73163A5B28391F4000BEA059 /* Frameworks */ = {
			isa = PBXFrameworksBuildPhase;
			buildActionMask = 2147483647;
			files = (
			);
			runOnlyForDeploymentPostprocessing = 0;
		};
		733225BA2826B77200DACB5A /* Frameworks */ = {
			isa = PBXFrameworksBuildPhase;
			buildActionMask = 2147483647;
			files = (
				73CA03202827B3CD00327B0D /* HealthKit.framework in Frameworks */,
			);
			runOnlyForDeploymentPostprocessing = 0;
		};
/* End PBXFrameworksBuildPhase section */

/* Begin PBXGroup section */
		73163A5F28391F4000BEA059 /* contrailTests */ = {
			isa = PBXGroup;
			children = (
				735597742839222D00AEC5D9 /* MainViewModelTests.swift */,
			);
			path = contrailTests;
			sourceTree = "<group>";
		};
		733225B42826B77200DACB5A = {
			isa = PBXGroup;
			children = (
				733225BF2826B77200DACB5A /* contrail */,
				73163A5F28391F4000BEA059 /* contrailTests */,
				733225BE2826B77200DACB5A /* Products */,
				73CA031E2827B3CD00327B0D /* Frameworks */,
			);
			sourceTree = "<group>";
		};
		733225BE2826B77200DACB5A /* Products */ = {
			isa = PBXGroup;
			children = (
				733225BD2826B77200DACB5A /* contrail.app */,
				73163A5E28391F4000BEA059 /* contrailTests.xctest */,
			);
			name = Products;
			sourceTree = "<group>";
		};
		733225BF2826B77200DACB5A /* contrail */ = {
			isa = PBXGroup;
			children = (
				737FEF762839255500E8E63B /* MockResults.swift */,
				73C24CF92830C91F006FCD00 /* Sources */,
				73CA03212827B49800327B0D /* Info.plist */,
				73CA031D2827B3CD00327B0D /* contrail.entitlements */,
				733225C02826B77200DACB5A /* contrailApp.swift */,
				733225C42826B77600DACB5A /* Assets.xcassets */,
				733225C62826B77600DACB5A /* Preview Content */,
			);
			path = contrail;
			sourceTree = "<group>";
		};
		733225C62826B77600DACB5A /* Preview Content */ = {
			isa = PBXGroup;
			children = (
				733225C72826B77600DACB5A /* Preview Assets.xcassets */,
			);
			path = "Preview Content";
			sourceTree = "<group>";
		};
		7356FF962827541700EC7C73 /* View */ = {
			isa = PBXGroup;
			children = (
				73C24D0028310508006FCD00 /* AllRides */,
				73C24CFF283104EE006FCD00 /* Main */,
				73AAF236282FA5C600927BAB /* ViewModelProtocol.swift */,
			);
			path = View;
			sourceTree = "<group>";
		};
		737F1155283083CD00A87ABB /* ViewModel */ = {
			isa = PBXGroup;
			children = (
				73AAF231282F870400927BAB /* MainViewModel.swift */,
				73AAF233282F940F00927BAB /* Translator */,
				73C24D0128310776006FCD00 /* AllRidesViewModel.swift */,
			);
			path = ViewModel;
			sourceTree = "<group>";
		};
		73A819902827596E009F2097 /* Model */ = {
			isa = PBXGroup;
			children = (
				737F115728308AF700A87ABB /* HealthKitClient.swift */,
				73C24CFA2830FE30006FCD00 /* WorkoutsCacher.swift */,
			);
			path = Model;
			sourceTree = "<group>";
		};
		73A819942827640D009F2097 /* Extension */ = {
			isa = PBXGroup;
			children = (
				73A819952827641F009F2097 /* ColorExtension.swift */,
				73CA03222827C52F00327B0D /* DateExtension.swift */,
			);
			path = Extension;
			sourceTree = "<group>";
		};
		73AAF233282F940F00927BAB /* Translator */ = {
			isa = PBXGroup;
			children = (
				73AAF234282F943400927BAB /* RideListTranslator.swift */,
				73C24D03283107D3006FCD00 /* AllRidesTranslator.swift */,
			);
			path = Translator;
			sourceTree = "<group>";
		};
		73C24CF92830C91F006FCD00 /* Sources */ = {
			isa = PBXGroup;
			children = (
				73A819942827640D009F2097 /* Extension */,
				7356FF962827541700EC7C73 /* View */,
				73A819902827596E009F2097 /* Model */,
				737F1155283083CD00A87ABB /* ViewModel */,
			);
			path = Sources;
			sourceTree = "<group>";
		};
		73C24CFF283104EE006FCD00 /* Main */ = {
			isa = PBXGroup;
			children = (
				733225C22826B77200DACB5A /* MainScreen.swift */,
				73A8198E282758EC009F2097 /* RideListView.swift */,
				7356FF972827570C00EC7C73 /* RideRowView.swift */,
				73AAF22F282F7D3300927BAB /* RideStatisticsRowView.swift */,
			);
			path = Main;
			sourceTree = "<group>";
		};
		73C24D0028310508006FCD00 /* AllRides */ = {
			isa = PBXGroup;
			children = (
				73C24CFD283104B1006FCD00 /* AllRidesScreen.swift */,
				73C24D05283139BD006FCD00 /* AllRideRowView.swift */,
			);
			path = AllRides;
			sourceTree = "<group>";
		};
		73CA031E2827B3CD00327B0D /* Frameworks */ = {
			isa = PBXGroup;
			children = (
				73CA031F2827B3CD00327B0D /* HealthKit.framework */,
			);
			name = Frameworks;
			sourceTree = "<group>";
		};
/* End PBXGroup section */

/* Begin PBXNativeTarget section */
		73163A5D28391F4000BEA059 /* contrailTests */ = {
			isa = PBXNativeTarget;
			buildConfigurationList = 73163A6428391F4000BEA059 /* Build configuration list for PBXNativeTarget "contrailTests" */;
			buildPhases = (
				73163A5A28391F4000BEA059 /* Sources */,
				73163A5B28391F4000BEA059 /* Frameworks */,
				73163A5C28391F4000BEA059 /* Resources */,
			);
			buildRules = (
			);
			dependencies = (
				73163A6328391F4000BEA059 /* PBXTargetDependency */,
			);
			name = contrailTests;
			productName = contrailTests;
			productReference = 73163A5E28391F4000BEA059 /* contrailTests.xctest */;
			productType = "com.apple.product-type.bundle.unit-test";
		};
		733225BC2826B77200DACB5A /* contrail */ = {
			isa = PBXNativeTarget;
			buildConfigurationList = 733225CB2826B77600DACB5A /* Build configuration list for PBXNativeTarget "contrail" */;
			buildPhases = (
				73AAF22A282F4E0F00927BAB /* ShellScript */,
				73163A58283913B600BEA059 /* Generate Mocks by Mockolo */,
				733225B92826B77200DACB5A /* Sources */,
				733225BA2826B77200DACB5A /* Frameworks */,
				733225BB2826B77200DACB5A /* Resources */,
			);
			buildRules = (
			);
			dependencies = (
			);
			name = contrail;
			productName = contrail;
			productReference = 733225BD2826B77200DACB5A /* contrail.app */;
			productType = "com.apple.product-type.application";
		};
/* End PBXNativeTarget section */

/* Begin PBXProject section */
		733225B52826B77200DACB5A /* Project object */ = {
			isa = PBXProject;
			attributes = {
				BuildIndependentTargetsInParallel = 1;
				LastSwiftUpdateCheck = 1330;
				LastUpgradeCheck = 1330;
				TargetAttributes = {
					73163A5D28391F4000BEA059 = {
						CreatedOnToolsVersion = 13.3;
						TestTargetID = 733225BC2826B77200DACB5A;
					};
					733225BC2826B77200DACB5A = {
						CreatedOnToolsVersion = 13.3;
					};
				};
			};
			buildConfigurationList = 733225B82826B77200DACB5A /* Build configuration list for PBXProject "contrail" */;
			compatibilityVersion = "Xcode 13.0";
			developmentRegion = en;
			hasScannedForEncodings = 0;
			knownRegions = (
				en,
				Base,
			);
			mainGroup = 733225B42826B77200DACB5A;
			productRefGroup = 733225BE2826B77200DACB5A /* Products */;
			projectDirPath = "";
			projectRoot = "";
			targets = (
				733225BC2826B77200DACB5A /* contrail */,
				73163A5D28391F4000BEA059 /* contrailTests */,
			);
		};
/* End PBXProject section */

/* Begin PBXResourcesBuildPhase section */
		73163A5C28391F4000BEA059 /* Resources */ = {
			isa = PBXResourcesBuildPhase;
			buildActionMask = 2147483647;
			files = (
			);
			runOnlyForDeploymentPostprocessing = 0;
		};
		733225BB2826B77200DACB5A /* Resources */ = {
			isa = PBXResourcesBuildPhase;
			buildActionMask = 2147483647;
			files = (
				733225C82826B77600DACB5A /* Preview Assets.xcassets in Resources */,
				733225C52826B77600DACB5A /* Assets.xcassets in Resources */,
			);
			runOnlyForDeploymentPostprocessing = 0;
		};
/* End PBXResourcesBuildPhase section */

/* Begin PBXShellScriptBuildPhase section */
		73163A58283913B600BEA059 /* Generate Mocks by Mockolo */ = {
			isa = PBXShellScriptBuildPhase;
			alwaysOutOfDate = 1;
			buildActionMask = 2147483647;
			files = (
			);
			inputFileListPaths = (
			);
			inputPaths = (
			);
			name = "Generate Mocks by Mockolo";
			outputFileListPaths = (
			);
			outputPaths = (
				$SRCROOT/contrail/MockResults.swift,
			);
			runOnlyForDeploymentPostprocessing = 0;
			shellPath = /bin/sh;
			shellScript = "if which mint >/dev/null; then\n  rm -f $SRCROOT/contrail/MockResults.swift\n  mint run mockolo mockolo --sourcedirs $SRCROOT/contrail --destination $SRCROOT/contrail/MockResults.swift --mock-final\nelse\n  echo \"Mint does not exist, download from https://github.com/yonaskolb/Mint\"\nfi\n";
		};
		73AAF22A282F4E0F00927BAB /* ShellScript */ = {
			isa = PBXShellScriptBuildPhase;
			buildActionMask = 2147483647;
			files = (
			);
			inputFileListPaths = (
			);
			inputPaths = (
			);
			outputFileListPaths = (
			);
			outputPaths = (
			);
			runOnlyForDeploymentPostprocessing = 0;
			shellPath = /bin/sh;
			shellScript = "if which swiftlint >/dev/null; then\n  swiftlint autocorrect --format\n  swiftlint\nelse\n  echo \"SwiftLint does not exist, download from https://github.com/realm/SwiftLint\"\nfi\n";
		};
/* End PBXShellScriptBuildPhase section */

/* Begin PBXSourcesBuildPhase section */
		73163A5A28391F4000BEA059 /* Sources */ = {
			isa = PBXSourcesBuildPhase;
			buildActionMask = 2147483647;
			files = (
				735597752839222D00AEC5D9 /* MainViewModelTests.swift in Sources */,
			);
			runOnlyForDeploymentPostprocessing = 0;
		};
		733225B92826B77200DACB5A /* Sources */ = {
			isa = PBXSourcesBuildPhase;
			buildActionMask = 2147483647;
			files = (
				73CA03232827C52F00327B0D /* DateExtension.swift in Sources */,
				73C24CFE283104B1006FCD00 /* AllRidesScreen.swift in Sources */,
				73AAF235282F943400927BAB /* RideListTranslator.swift in Sources */,
				73A8198F282758EC009F2097 /* RideListView.swift in Sources */,
				73C24CFB2830FE30006FCD00 /* WorkoutsCacher.swift in Sources */,
				7356FF982827570C00EC7C73 /* RideRowView.swift in Sources */,
				73C24D04283107D3006FCD00 /* AllRidesTranslator.swift in Sources */,
				73AAF232282F870400927BAB /* MainViewModel.swift in Sources */,
				733225C32826B77200DACB5A /* MainScreen.swift in Sources */,
				73A819962827641F009F2097 /* ColorExtension.swift in Sources */,
				73AAF237282FA5C600927BAB /* ViewModelProtocol.swift in Sources */,
				73AAF230282F7D3300927BAB /* RideStatisticsRowView.swift in Sources */,
				737F115828308AF700A87ABB /* HealthKitClient.swift in Sources */,
				73C24D0228310776006FCD00 /* AllRidesViewModel.swift in Sources */,
				737FEF782839255C00E8E63B /* MockResults.swift in Sources */,
				733225C12826B77200DACB5A /* contrailApp.swift in Sources */,
				73C24D06283139BD006FCD00 /* AllRideRowView.swift in Sources */,
			);
			runOnlyForDeploymentPostprocessing = 0;
		};
/* End PBXSourcesBuildPhase section */

/* Begin PBXTargetDependency section */
		73163A6328391F4000BEA059 /* PBXTargetDependency */ = {
			isa = PBXTargetDependency;
			target = 733225BC2826B77200DACB5A /* contrail */;
			targetProxy = 73163A6228391F4000BEA059 /* PBXContainerItemProxy */;
		};
/* End PBXTargetDependency section */

/* Begin XCBuildConfiguration section */
		73163A6528391F4000BEA059 /* Debug */ = {
			isa = XCBuildConfiguration;
			buildSettings = {
				BUNDLE_LOADER = "$(TEST_HOST)";
				CODE_SIGN_STYLE = Automatic;
				CURRENT_PROJECT_VERSION = 1;
				DEVELOPMENT_TEAM = 2YRXH6ZZZY;
				GENERATE_INFOPLIST_FILE = YES;
				MARKETING_VERSION = 1.0;
				PRODUCT_BUNDLE_IDENTIFIER = dev.tokizuoh.contrailTests;
				PRODUCT_NAME = "$(TARGET_NAME)";
				SWIFT_EMIT_LOC_STRINGS = NO;
				SWIFT_VERSION = 5.0;
				TARGETED_DEVICE_FAMILY = "1,2";
				TEST_HOST = "$(BUILT_PRODUCTS_DIR)/contrail.app/contrail";
			};
			name = Debug;
		};
		73163A6628391F4000BEA059 /* Release */ = {
			isa = XCBuildConfiguration;
			buildSettings = {
				BUNDLE_LOADER = "$(TEST_HOST)";
				CODE_SIGN_STYLE = Automatic;
				CURRENT_PROJECT_VERSION = 1;
				DEVELOPMENT_TEAM = 2YRXH6ZZZY;
				GENERATE_INFOPLIST_FILE = YES;
				MARKETING_VERSION = 1.0;
				PRODUCT_BUNDLE_IDENTIFIER = dev.tokizuoh.contrailTests;
				PRODUCT_NAME = "$(TARGET_NAME)";
				SWIFT_EMIT_LOC_STRINGS = NO;
				SWIFT_VERSION = 5.0;
				TARGETED_DEVICE_FAMILY = "1,2";
				TEST_HOST = "$(BUILT_PRODUCTS_DIR)/contrail.app/contrail";
			};
			name = Release;
		};
		733225C92826B77600DACB5A /* Debug */ = {
			isa = XCBuildConfiguration;
			buildSettings = {
				ALWAYS_SEARCH_USER_PATHS = NO;
				CLANG_ANALYZER_NONNULL = YES;
				CLANG_ANALYZER_NUMBER_OBJECT_CONVERSION = YES_AGGRESSIVE;
				CLANG_CXX_LANGUAGE_STANDARD = "gnu++17";
				CLANG_ENABLE_MODULES = YES;
				CLANG_ENABLE_OBJC_ARC = YES;
				CLANG_ENABLE_OBJC_WEAK = YES;
				CLANG_WARN_BLOCK_CAPTURE_AUTORELEASING = YES;
				CLANG_WARN_BOOL_CONVERSION = YES;
				CLANG_WARN_COMMA = YES;
				CLANG_WARN_CONSTANT_CONVERSION = YES;
				CLANG_WARN_DEPRECATED_OBJC_IMPLEMENTATIONS = YES;
				CLANG_WARN_DIRECT_OBJC_ISA_USAGE = YES_ERROR;
				CLANG_WARN_DOCUMENTATION_COMMENTS = YES;
				CLANG_WARN_EMPTY_BODY = YES;
				CLANG_WARN_ENUM_CONVERSION = YES;
				CLANG_WARN_INFINITE_RECURSION = YES;
				CLANG_WARN_INT_CONVERSION = YES;
				CLANG_WARN_NON_LITERAL_NULL_CONVERSION = YES;
				CLANG_WARN_OBJC_IMPLICIT_RETAIN_SELF = YES;
				CLANG_WARN_OBJC_LITERAL_CONVERSION = YES;
				CLANG_WARN_OBJC_ROOT_CLASS = YES_ERROR;
				CLANG_WARN_QUOTED_INCLUDE_IN_FRAMEWORK_HEADER = YES;
				CLANG_WARN_RANGE_LOOP_ANALYSIS = YES;
				CLANG_WARN_STRICT_PROTOTYPES = YES;
				CLANG_WARN_SUSPICIOUS_MOVE = YES;
				CLANG_WARN_UNGUARDED_AVAILABILITY = YES_AGGRESSIVE;
				CLANG_WARN_UNREACHABLE_CODE = YES;
				CLANG_WARN__DUPLICATE_METHOD_MATCH = YES;
				COPY_PHASE_STRIP = NO;
				DEBUG_INFORMATION_FORMAT = dwarf;
				ENABLE_STRICT_OBJC_MSGSEND = YES;
				ENABLE_TESTABILITY = YES;
				GCC_C_LANGUAGE_STANDARD = gnu11;
				GCC_DYNAMIC_NO_PIC = NO;
				GCC_NO_COMMON_BLOCKS = YES;
				GCC_OPTIMIZATION_LEVEL = 0;
				GCC_PREPROCESSOR_DEFINITIONS = (
					"DEBUG=1",
					"$(inherited)",
				);
				GCC_WARN_64_TO_32_BIT_CONVERSION = YES;
				GCC_WARN_ABOUT_RETURN_TYPE = YES_ERROR;
				GCC_WARN_UNDECLARED_SELECTOR = YES;
				GCC_WARN_UNINITIALIZED_AUTOS = YES_AGGRESSIVE;
				GCC_WARN_UNUSED_FUNCTION = YES;
				GCC_WARN_UNUSED_VARIABLE = YES;
				IPHONEOS_DEPLOYMENT_TARGET = 15.4;
				MTL_ENABLE_DEBUG_INFO = INCLUDE_SOURCE;
				MTL_FAST_MATH = YES;
				ONLY_ACTIVE_ARCH = YES;
				SDKROOT = iphoneos;
				SWIFT_ACTIVE_COMPILATION_CONDITIONS = DEBUG;
				SWIFT_OPTIMIZATION_LEVEL = "-Onone";
			};
			name = Debug;
		};
		733225CA2826B77600DACB5A /* Release */ = {
			isa = XCBuildConfiguration;
			buildSettings = {
				ALWAYS_SEARCH_USER_PATHS = NO;
				CLANG_ANALYZER_NONNULL = YES;
				CLANG_ANALYZER_NUMBER_OBJECT_CONVERSION = YES_AGGRESSIVE;
				CLANG_CXX_LANGUAGE_STANDARD = "gnu++17";
				CLANG_ENABLE_MODULES = YES;
				CLANG_ENABLE_OBJC_ARC = YES;
				CLANG_ENABLE_OBJC_WEAK = YES;
				CLANG_WARN_BLOCK_CAPTURE_AUTORELEASING = YES;
				CLANG_WARN_BOOL_CONVERSION = YES;
				CLANG_WARN_COMMA = YES;
				CLANG_WARN_CONSTANT_CONVERSION = YES;
				CLANG_WARN_DEPRECATED_OBJC_IMPLEMENTATIONS = YES;
				CLANG_WARN_DIRECT_OBJC_ISA_USAGE = YES_ERROR;
				CLANG_WARN_DOCUMENTATION_COMMENTS = YES;
				CLANG_WARN_EMPTY_BODY = YES;
				CLANG_WARN_ENUM_CONVERSION = YES;
				CLANG_WARN_INFINITE_RECURSION = YES;
				CLANG_WARN_INT_CONVERSION = YES;
				CLANG_WARN_NON_LITERAL_NULL_CONVERSION = YES;
				CLANG_WARN_OBJC_IMPLICIT_RETAIN_SELF = YES;
				CLANG_WARN_OBJC_LITERAL_CONVERSION = YES;
				CLANG_WARN_OBJC_ROOT_CLASS = YES_ERROR;
				CLANG_WARN_QUOTED_INCLUDE_IN_FRAMEWORK_HEADER = YES;
				CLANG_WARN_RANGE_LOOP_ANALYSIS = YES;
				CLANG_WARN_STRICT_PROTOTYPES = YES;
				CLANG_WARN_SUSPICIOUS_MOVE = YES;
				CLANG_WARN_UNGUARDED_AVAILABILITY = YES_AGGRESSIVE;
				CLANG_WARN_UNREACHABLE_CODE = YES;
				CLANG_WARN__DUPLICATE_METHOD_MATCH = YES;
				COPY_PHASE_STRIP = NO;
				DEBUG_INFORMATION_FORMAT = "dwarf-with-dsym";
				ENABLE_NS_ASSERTIONS = NO;
				ENABLE_STRICT_OBJC_MSGSEND = YES;
				GCC_C_LANGUAGE_STANDARD = gnu11;
				GCC_NO_COMMON_BLOCKS = YES;
				GCC_WARN_64_TO_32_BIT_CONVERSION = YES;
				GCC_WARN_ABOUT_RETURN_TYPE = YES_ERROR;
				GCC_WARN_UNDECLARED_SELECTOR = YES;
				GCC_WARN_UNINITIALIZED_AUTOS = YES_AGGRESSIVE;
				GCC_WARN_UNUSED_FUNCTION = YES;
				GCC_WARN_UNUSED_VARIABLE = YES;
				IPHONEOS_DEPLOYMENT_TARGET = 15.4;
				MTL_ENABLE_DEBUG_INFO = NO;
				MTL_FAST_MATH = YES;
				SDKROOT = iphoneos;
				SWIFT_COMPILATION_MODE = wholemodule;
				SWIFT_OPTIMIZATION_LEVEL = "-O";
				VALIDATE_PRODUCT = YES;
			};
			name = Release;
		};
		733225CC2826B77600DACB5A /* Debug */ = {
			isa = XCBuildConfiguration;
			buildSettings = {
				ASSETCATALOG_COMPILER_APPICON_NAME = AppIcon;
				ASSETCATALOG_COMPILER_GLOBAL_ACCENT_COLOR_NAME = AccentColor;
				CODE_SIGN_ENTITLEMENTS = contrail/contrail.entitlements;
				CODE_SIGN_IDENTITY = "Apple Development";
				CODE_SIGN_STYLE = Automatic;
				CURRENT_PROJECT_VERSION = 1;
				DEVELOPMENT_ASSET_PATHS = "\"contrail/Preview Content\"";
				DEVELOPMENT_TEAM = 2YRXH6ZZZY;
				ENABLE_PREVIEWS = YES;
				GENERATE_INFOPLIST_FILE = YES;
				INFOPLIST_FILE = contrail/Info.plist;
				INFOPLIST_KEY_UIApplicationSceneManifest_Generation = YES;
				INFOPLIST_KEY_UIApplicationSupportsIndirectInputEvents = YES;
				INFOPLIST_KEY_UILaunchScreen_Generation = YES;
				INFOPLIST_KEY_UISupportedInterfaceOrientations_iPad = "UIInterfaceOrientationPortrait UIInterfaceOrientationPortraitUpsideDown UIInterfaceOrientationLandscapeLeft UIInterfaceOrientationLandscapeRight";
				INFOPLIST_KEY_UISupportedInterfaceOrientations_iPhone = "UIInterfaceOrientationPortrait UIInterfaceOrientationLandscapeLeft UIInterfaceOrientationLandscapeRight";
				LD_RUNPATH_SEARCH_PATHS = (
					"$(inherited)",
					"@executable_path/Frameworks",
				);
				MARKETING_VERSION = 1.0;
				PRODUCT_BUNDLE_IDENTIFIER = dev.tokizuoh.contrail;
				PRODUCT_NAME = "$(TARGET_NAME)";
				PROVISIONING_PROFILE_SPECIFIER = "";
				SWIFT_EMIT_LOC_STRINGS = YES;
				SWIFT_VERSION = 5.0;
				TARGETED_DEVICE_FAMILY = "1,2";
			};
			name = Debug;
		};
		733225CD2826B77600DACB5A /* Release */ = {
			isa = XCBuildConfiguration;
			buildSettings = {
				ASSETCATALOG_COMPILER_APPICON_NAME = AppIcon;
				ASSETCATALOG_COMPILER_GLOBAL_ACCENT_COLOR_NAME = AccentColor;
				CODE_SIGN_ENTITLEMENTS = contrail/contrail.entitlements;
				CODE_SIGN_IDENTITY = "Apple Development";
				CODE_SIGN_STYLE = Automatic;
				CURRENT_PROJECT_VERSION = 1;
				DEVELOPMENT_ASSET_PATHS = "\"contrail/Preview Content\"";
				DEVELOPMENT_TEAM = 2YRXH6ZZZY;
				ENABLE_PREVIEWS = YES;
				GENERATE_INFOPLIST_FILE = YES;
				INFOPLIST_FILE = contrail/Info.plist;
				INFOPLIST_KEY_UIApplicationSceneManifest_Generation = YES;
				INFOPLIST_KEY_UIApplicationSupportsIndirectInputEvents = YES;
				INFOPLIST_KEY_UILaunchScreen_Generation = YES;
				INFOPLIST_KEY_UISupportedInterfaceOrientations_iPad = "UIInterfaceOrientationPortrait UIInterfaceOrientationPortraitUpsideDown UIInterfaceOrientationLandscapeLeft UIInterfaceOrientationLandscapeRight";
				INFOPLIST_KEY_UISupportedInterfaceOrientations_iPhone = "UIInterfaceOrientationPortrait UIInterfaceOrientationLandscapeLeft UIInterfaceOrientationLandscapeRight";
				LD_RUNPATH_SEARCH_PATHS = (
					"$(inherited)",
					"@executable_path/Frameworks",
				);
				MARKETING_VERSION = 1.0;
				PRODUCT_BUNDLE_IDENTIFIER = dev.tokizuoh.contrail;
				PRODUCT_NAME = "$(TARGET_NAME)";
				PROVISIONING_PROFILE_SPECIFIER = "";
				SWIFT_EMIT_LOC_STRINGS = YES;
				SWIFT_VERSION = 5.0;
				TARGETED_DEVICE_FAMILY = "1,2";
			};
			name = Release;
		};
/* End XCBuildConfiguration section */

/* Begin XCConfigurationList section */
		73163A6428391F4000BEA059 /* Build configuration list for PBXNativeTarget "contrailTests" */ = {
			isa = XCConfigurationList;
			buildConfigurations = (
				73163A6528391F4000BEA059 /* Debug */,
				73163A6628391F4000BEA059 /* Release */,
			);
			defaultConfigurationIsVisible = 0;
			defaultConfigurationName = Release;
		};
		733225B82826B77200DACB5A /* Build configuration list for PBXProject "contrail" */ = {
			isa = XCConfigurationList;
			buildConfigurations = (
				733225C92826B77600DACB5A /* Debug */,
				733225CA2826B77600DACB5A /* Release */,
			);
			defaultConfigurationIsVisible = 0;
			defaultConfigurationName = Release;
		};
		733225CB2826B77600DACB5A /* Build configuration list for PBXNativeTarget "contrail" */ = {
			isa = XCConfigurationList;
			buildConfigurations = (
				733225CC2826B77600DACB5A /* Debug */,
				733225CD2826B77600DACB5A /* Release */,
			);
			defaultConfigurationIsVisible = 0;
			defaultConfigurationName = Release;
		};
/* End XCConfigurationList section */
	};
	rootObject = 733225B52826B77200DACB5A /* Project object */;
}
